
Microsoft Visual Studio Solution File, Format Version 12.00
# Visual Studio Version 17
VisualStudioVersion = 17.5.002.0
MinimumVisualStudioVersion = 10.0.40219.1
Project("{9A19103F-16F7-4668-BE54-9A1E7A4F7556}") = "TodoApp-dotnet", "TodoApp-dotnet.csproj", "{ACE3F9BB-5501-4D06-8E07-6CE149B661A2}"
EndProject
Global
	GlobalSection(SolutionConfigurationPlatforms) = preSolution
		Debug|Any CPU = Debug|Any CPU
		Release|Any CPU = Release|Any CPU
	EndGlobalSection
	GlobalSection(ProjectConfigurationPlatforms) = postSolution
		{ACE3F9BB-5501-4D06-8E07-6CE149B661A2}.Debug|Any CPU.ActiveCfg = Debug|Any CPU
		{ACE3F9BB-5501-4D06-8E07-6CE149B661A2}.Debug|Any CPU.Build.0 = Debug|Any CPU
		{ACE3F9BB-5501-4D06-8E07-6CE149B661A2}.Release|Any CPU.ActiveCfg = Release|Any CPU
		{ACE3F9BB-5501-4D06-8E07-6CE149B661A2}.Release|Any CPU.Build.0 = Release|Any CPU
	EndGlobalSection
	GlobalSection(SolutionProperties) = preSolution
		HideSolutionNode = FALSE
	EndGlobalSection
	GlobalSection(ExtensibilityGlobals) = postSolution
		SolutionGuid = {39CA3E6D-C78F-4FCA-8E8E-2FE1C344174A}
	EndGlobalSection
EndGlobal
